<?xml version="1.0" encoding="utf-8"?>
<Project ToolsVersion="4.0" xmlns="http://schemas.microsoft.com/developer/msbuild/2003">
  <ItemGroup>
    <Filter Include="99.Header">
      <UniqueIdentifier>{3eae259d-6692-4755-9e22-e4c6daecabae}</UniqueIdentifier>
    </Filter>
    <Filter Include="00.MainApp">
      <UniqueIdentifier>{e274b223-5662-4b74-8a7e-4b61c0fdc44e}</UniqueIdentifier>
    </Filter>
    <Filter Include="Shader">
      <UniqueIdentifier>{6ff4ced4-011a-48c0-bbfc-abb50f449c7f}</UniqueIdentifier>
    </Filter>
    <Filter Include="Shader\Common">
      <UniqueIdentifier>{e6f416cd-4c3b-44d7-8ca9-440aa70ea176}</UniqueIdentifier>
    </Filter>
    <Filter Include="01.Scene">
      <UniqueIdentifier>{2bcfffec-11fd-40c3-acd5-ace3fb2236a3}</UniqueIdentifier>
    </Filter>
    <Filter Include="01.Scene\00.DemoScene">
      <UniqueIdentifier>{13315f5f-4c38-4adc-b0a3-367ada70f7cd}</UniqueIdentifier>
    </Filter>
    <Filter Include="01.Scene\01.LoadingScene">
      <UniqueIdentifier>{06c79e5e-d8ca-4693-9154-eedfc3cb082a}</UniqueIdentifier>
    </Filter>
    <Filter Include="01.Scene\01.LoadingScene\Loader">
      <UniqueIdentifier>{d65c794f-be39-4eaa-844a-ccf9babac16e}</UniqueIdentifier>
    </Filter>
    <Filter Include="02.Component">
      <UniqueIdentifier>{6977fc82-f1d7-4874-9763-e3be3397e979}</UniqueIdentifier>
    </Filter>
    <Filter Include="02.Component\00.MonoBehaviour">
      <UniqueIdentifier>{94e855a8-49bd-46da-868f-e6cfd65dd3e1}</UniqueIdentifier>
    </Filter>
    <Filter Include="02.Component\00.MonoBehaviour\99.DemoCameraScript">
      <UniqueIdentifier>{442112a9-56ae-4aee-a560-ea16ac42e440}</UniqueIdentifier>
    </Filter>
    <Filter Include="02.Component\00.MonoBehaviour\98.DemoAnimationController">
      <UniqueIdentifier>{4e20d96b-da76-43f6-a3f0-f2eb67c11347}</UniqueIdentifier>
    </Filter>
    <Filter Include="02.Component\01.FSM">
      <UniqueIdentifier>{5106d280-65b5-4a05-b449-e52004caa4f6}</UniqueIdentifier>
    </Filter>
    <Filter Include="02.Component\01.FSM\00.DemoFSM">
      <UniqueIdentifier>{8a982ce2-f0b2-4b7a-800d-dfeff839ac2b}</UniqueIdentifier>
    </Filter>
    <Filter Include="99.Header\98.Default">
      <UniqueIdentifier>{1416d258-c22e-43be-a507-5d8b90f21cef}</UniqueIdentifier>
    </Filter>
    <Filter Include="02.Component\00.MonoBehaviour\00.MainCameraScript">
      <UniqueIdentifier>{c016c014-a8d2-4a1c-a3ab-e1eca59afce4}</UniqueIdentifier>
    </Filter>
    <Filter Include="02.Component\00.MonoBehaviour\01.WeaponScript">
      <UniqueIdentifier>{b9bdbe99-4328-44ff-a881-4aa947da18c2}</UniqueIdentifier>
    </Filter>
    <Filter Include="02.Component\00.MonoBehaviour\97.DebugScript">
      <UniqueIdentifier>{308378ec-739c-4087-8d4f-fdec1ef5243b}</UniqueIdentifier>
    </Filter>
    <Filter Include="02.Component\00.MonoBehaviour\02.HeroChangeScript">
      <UniqueIdentifier>{bb2d52fc-f7e9-4e90-8a3c-e7669ddef7c5}</UniqueIdentifier>
    </Filter>
    <Filter Include="02.Component\00.MonoBehaviour\00.Effect">
      <UniqueIdentifier>{f932d599-d9a4-43cf-bfbd-ccd8c7773062}</UniqueIdentifier>
    </Filter>
    <Filter Include="98.Debug">
      <UniqueIdentifier>{2c0559c7-c128-46e1-9d65-00203eecdd37}</UniqueIdentifier>
    </Filter>
    <Filter Include="02.Component\01.FSM\01.Hero_FSM">
      <UniqueIdentifier>{1db04cc3-20eb-4a9e-8fa2-ae1f2d2e778d}</UniqueIdentifier>
    </Filter>
    <Filter Include="02.Component\01.FSM\01.Hero_FSM\01.SpearAce_FSM">
      <UniqueIdentifier>{8f3e1798-25d3-4565-9312-f2cdbe87d1b2}</UniqueIdentifier>
    </Filter>
    <Filter Include="02.Component\01.FSM\01.Hero_FSM\02.Kyle_FSM">
      <UniqueIdentifier>{9c458996-fc46-44b2-8422-08f71c7219c7}</UniqueIdentifier>
    </Filter>
    <Filter Include="02.Component\01.FSM\02.Monster_FSM">
      <UniqueIdentifier>{5c127847-43c6-4fd8-b217-fe6fded2aaa1}</UniqueIdentifier>
    </Filter>
    <Filter Include="02.Component\01.FSM\02.Monster_FSM\00.Silversword_Soldier_FSM">
      <UniqueIdentifier>{2d025cc6-fb7d-439c-b7e9-79904de361be}</UniqueIdentifier>
    </Filter>
    <Filter Include="02.Component\00.MonoBehaviour\03.ColliderInfoScript">
      <UniqueIdentifier>{4f3b2b44-9774-4323-b110-9299fc60311e}</UniqueIdentifier>
    </Filter>
    <Filter Include="02.Component\00.MonoBehaviour\03.ColliderInfoScript\AttackCollider">
      <UniqueIdentifier>{fc29a8dd-b20a-43e9-9bc9-f9e08b43daf6}</UniqueIdentifier>
    </Filter>
    <Filter Include="02.Component\00.MonoBehaviour\04.SkillScript">
      <UniqueIdentifier>{a5b52b0c-57ba-4d33-9b3f-4dbcf057ce3c}</UniqueIdentifier>
    </Filter>
    <Filter Include="02.Component\02.MapObject">
      <UniqueIdentifier>{eaa2751e-548a-4450-b36d-db18a2643371}</UniqueIdentifier>
    </Filter>
  </ItemGroup>
  <ItemGroup>
    <ClInclude Include="Client.h">
      <Filter>99.Header\98.Default</Filter>
    </ClInclude>
    <ClInclude Include="Resource.h">
      <Filter>99.Header\98.Default</Filter>
    </ClInclude>
    <ClInclude Include="pch.h">
      <Filter>99.Header</Filter>
    </ClInclude>
    <ClInclude Include="Client_Define.h">
      <Filter>99.Header</Filter>
    </ClInclude>
    <ClInclude Include="MainApp.h">
      <Filter>00.MainApp</Filter>
    </ClInclude>
    <ClInclude Include="LoadingScene.h">
      <Filter>01.Scene\01.LoadingScene</Filter>
    </ClInclude>
    <ClInclude Include="Loader.h">
      <Filter>01.Scene\01.LoadingScene\Loader</Filter>
    </ClInclude>
    <ClInclude Include="DemoScene.h">
      <Filter>01.Scene\00.DemoScene</Filter>
    </ClInclude>
    <ClInclude Include="DemoCameraScript1.h">
      <Filter>02.Component\00.MonoBehaviour\99.DemoCameraScript</Filter>
    </ClInclude>
    <ClInclude Include="DemoCameraScript2.h">
      <Filter>02.Component\00.MonoBehaviour\99.DemoCameraScript</Filter>
    </ClInclude>
    <ClInclude Include="DemoFSM.h">
      <Filter>02.Component\01.FSM\00.DemoFSM</Filter>
    </ClInclude>
    <ClInclude Include="DemoAnimationController1.h">
      <Filter>02.Component\00.MonoBehaviour\98.DemoAnimationController</Filter>
    </ClInclude>
    <ClInclude Include="SpearAce_FSM.h">
      <Filter>02.Component\01.FSM\01.Hero_FSM\01.SpearAce_FSM</Filter>
    </ClInclude>
    <ClInclude Include="MainCameraScript.h">
      <Filter>02.Component\00.MonoBehaviour\00.MainCameraScript</Filter>
    </ClInclude>
    <ClInclude Include="WeaponScript.h">
      <Filter>02.Component\00.MonoBehaviour\01.WeaponScript</Filter>
    </ClInclude>
    <ClInclude Include="Kyle_FSM.h">
      <Filter>02.Component\01.FSM\01.Hero_FSM\02.Kyle_FSM</Filter>
    </ClInclude>
    <ClInclude Include="ObjectTransformDebug.h">
      <Filter>02.Component\00.MonoBehaviour\97.DebugScript</Filter>
    </ClInclude>
    <ClInclude Include="HeroChangeScript.h">
      <Filter>02.Component\00.MonoBehaviour\02.HeroChangeScript</Filter>
    </ClInclude>
    <ClInclude Include="Debug_CreateMotionTrail.h">
      <Filter>02.Component\00.MonoBehaviour\97.DebugScript</Filter>
    </ClInclude>
    <ClInclude Include="MotionTrailDisappear.h">
      <Filter>02.Component\00.MonoBehaviour\00.Effect</Filter>
    </ClInclude>
    <ClInclude Include="DebugTool.h">
      <Filter>98.Debug</Filter>
    </ClInclude>
    <ClInclude Include="MapObjectScript.h">
      <Filter>02.Component\02.MapObject</Filter>
    </ClInclude>
    <ClInclude Include="Silversword_Soldier_FSM.h">
      <Filter>02.Component\01.FSM\02.Monster_FSM\00.Silversword_Soldier_FSM</Filter>
    </ClInclude>
    <ClInclude Include="AttackColliderInfoScript.h">
      <Filter>02.Component\00.MonoBehaviour\03.ColliderInfoScript\AttackCollider</Filter>
    </ClInclude>
    <ClInclude Include="ForwardMovingSkillScript.h">
      <Filter>02.Component\00.MonoBehaviour\04.SkillScript</Filter>
    </ClInclude>
  </ItemGroup>
  <ItemGroup>
    <ClCompile Include="Client.cpp">
      <Filter>99.Header\98.Default</Filter>
    </ClCompile>
    <ClCompile Include="pch.cpp">
      <Filter>99.Header</Filter>
    </ClCompile>
    <ClCompile Include="MainApp.cpp">
      <Filter>00.MainApp</Filter>
    </ClCompile>
    <ClCompile Include="LoadingScene.cpp">
      <Filter>01.Scene\01.LoadingScene</Filter>
    </ClCompile>
    <ClCompile Include="Loader.cpp">
      <Filter>01.Scene\01.LoadingScene\Loader</Filter>
    </ClCompile>
    <ClCompile Include="DemoScene.cpp">
      <Filter>01.Scene\00.DemoScene</Filter>
    </ClCompile>
    <ClCompile Include="DemoCameraScript1.cpp">
      <Filter>02.Component\00.MonoBehaviour\99.DemoCameraScript</Filter>
    </ClCompile>
    <ClCompile Include="DemoCameraScript2.cpp">
      <Filter>02.Component\00.MonoBehaviour\99.DemoCameraScript</Filter>
    </ClCompile>
    <ClCompile Include="DemoFSM.cpp">
      <Filter>02.Component\01.FSM\00.DemoFSM</Filter>
    </ClCompile>
    <ClCompile Include="DemoAnimationController1.cpp">
      <Filter>02.Component\00.MonoBehaviour\98.DemoAnimationController</Filter>
    </ClCompile>
    <ClCompile Include="SpearAce_FSM.cpp">
      <Filter>02.Component\01.FSM\01.Hero_FSM\01.SpearAce_FSM</Filter>
    </ClCompile>
    <ClCompile Include="MainCameraScript.cpp">
      <Filter>02.Component\00.MonoBehaviour\00.MainCameraScript</Filter>
    </ClCompile>
    <ClCompile Include="WeaponScript.cpp">
      <Filter>02.Component\00.MonoBehaviour\01.WeaponScript</Filter>
    </ClCompile>
    <ClCompile Include="Kyle_FSM.cpp">
      <Filter>02.Component\01.FSM\01.Hero_FSM\02.Kyle_FSM</Filter>
    </ClCompile>
    <ClCompile Include="ObjectTransformDebug.cpp">
      <Filter>02.Component\00.MonoBehaviour\97.DebugScript</Filter>
    </ClCompile>
    <ClCompile Include="HeroChangeScript.cpp">
      <Filter>02.Component\00.MonoBehaviour\02.HeroChangeScript</Filter>
    </ClCompile>
    <ClCompile Include="Debug_CreateMotionTrail.cpp">
      <Filter>02.Component\00.MonoBehaviour\97.DebugScript</Filter>
    </ClCompile>
    <ClCompile Include="MotionTrailDisappear.cpp">
      <Filter>02.Component\00.MonoBehaviour\00.Effect</Filter>
    </ClCompile>
    <ClCompile Include="DebugTool.cpp">
      <Filter>98.Debug</Filter>
    </ClCompile>
    <ClCompile Include="MapObjectScript.cpp">
      <Filter>02.Component\02.MapObject</Filter>
    </ClCompile>
    <ClCompile Include="Silversword_Soldier_FSM.cpp">
      <Filter>02.Component\01.FSM\02.Monster_FSM\00.Silversword_Soldier_FSM</Filter>
    </ClCompile>
    <ClCompile Include="AttackColliderInfoScript.cpp">
      <Filter>02.Component\00.MonoBehaviour\03.ColliderInfoScript\AttackCollider</Filter>
    </ClCompile>
    <ClCompile Include="ForwardMovingSkillScript.cpp">
      <Filter>02.Component\00.MonoBehaviour\04.SkillScript</Filter>
    </ClCompile>
  </ItemGroup>
  <ItemGroup>
    <Image Include="small.ico">
      <Filter>99.Header\98.Default</Filter>
    </Image>
    <Image Include="Client.ico">
      <Filter>99.Header\98.Default</Filter>
    </Image>
  </ItemGroup>
  <ItemGroup>
    <ResourceCompile Include="Client.rc">
      <Filter>99.Header\98.Default</Filter>
    </ResourceCompile>
  </ItemGroup>
  <ItemGroup>
    <FxCompile Include="..\Shaders\Shader_Distortion.fx">
      <Filter>Shader</Filter>
    </FxCompile>
    <FxCompile Include="..\Shaders\Shader_Effect.fx">
      <Filter>Shader</Filter>
    </FxCompile>
    <FxCompile Include="..\Shaders\Shader_Final.fx">
      <Filter>Shader</Filter>
    </FxCompile>
    <FxCompile Include="..\Shaders\Shader_Mesh.fx">
      <Filter>Shader</Filter>
    </FxCompile>
    <FxCompile Include="..\Shaders\Shader_Model.fx">
      <Filter>Shader</Filter>
    </FxCompile>
    <FxCompile Include="..\Shaders\Shader_Particle.fx">
      <Filter>Shader</Filter>
    </FxCompile>
    <FxCompile Include="..\Shaders\Shader_Trail.fx">
      <Filter>Shader</Filter>
    </FxCompile>
    <FxCompile Include="..\Shaders\Shadow.fx">
      <Filter>Shader</Filter>
    </FxCompile>
    <FxCompile Include="..\Shaders\SkyBox.fx">
      <Filter>Shader</Filter>
    </FxCompile>
    <FxCompile Include="..\Shaders\Billboard.fx">
      <Filter>Shader</Filter>
    </FxCompile>
    <FxCompile Include="..\Shaders\Blur.fx">
      <Filter>Shader</Filter>
    </FxCompile>
    <FxCompile Include="..\Shaders\ComputeShader.fx">
      <Filter>Shader</Filter>
    </FxCompile>
    <FxCompile Include="..\Shaders\Distorted_Final.fx">
      <Filter>Shader</Filter>
    </FxCompile>
    <FxCompile Include="..\Shaders\Lighting.fx">
      <Filter>Shader</Filter>
    </FxCompile>
    <FxCompile Include="..\Shaders\Global.fx">
      <Filter>Shader\Common</Filter>
    </FxCompile>
    <FxCompile Include="..\Shaders\Light.fx">
      <Filter>Shader\Common</Filter>
    </FxCompile>
    <FxCompile Include="..\Shaders\Render.fx">
      <Filter>Shader\Common</Filter>
    </FxCompile>
    <FxCompile Include="..\Shaders\Shader_Bloom.fx">
      <Filter>Shader</Filter>
    </FxCompile>
    <FxCompile Include="..\Shaders\Shader_Particle2.fx">
      <Filter>Shader</Filter>
    </FxCompile>
  </ItemGroup>
</Project>