<?xml version="1.0" encoding="utf-8"?>
<Project ToolsVersion="4.0" xmlns="http://schemas.microsoft.com/developer/msbuild/2003">
  <ItemGroup>
    <Filter Include="99.Header">
      <UniqueIdentifier>{3eae259d-6692-4755-9e22-e4c6daecabae}</UniqueIdentifier>
    </Filter>
    <Filter Include="00.MainApp">
      <UniqueIdentifier>{e274b223-5662-4b74-8a7e-4b61c0fdc44e}</UniqueIdentifier>
    </Filter>
    <Filter Include="Shader">
      <UniqueIdentifier>{6ff4ced4-011a-48c0-bbfc-abb50f449c7f}</UniqueIdentifier>
    </Filter>
    <Filter Include="Shader\Common">
      <UniqueIdentifier>{e6f416cd-4c3b-44d7-8ca9-440aa70ea176}</UniqueIdentifier>
    </Filter>
    <Filter Include="01.Scene">
      <UniqueIdentifier>{2bcfffec-11fd-40c3-acd5-ace3fb2236a3}</UniqueIdentifier>
    </Filter>
    <Filter Include="01.Scene\00.DemoScene">
      <UniqueIdentifier>{13315f5f-4c38-4adc-b0a3-367ada70f7cd}</UniqueIdentifier>
    </Filter>
    <Filter Include="02.Component">
      <UniqueIdentifier>{6977fc82-f1d7-4874-9763-e3be3397e979}</UniqueIdentifier>
    </Filter>
    <Filter Include="02.Component\00.MonoBehaviour">
      <UniqueIdentifier>{94e855a8-49bd-46da-868f-e6cfd65dd3e1}</UniqueIdentifier>
    </Filter>
    <Filter Include="02.Component\00.MonoBehaviour\99.DemoCameraScript">
      <UniqueIdentifier>{442112a9-56ae-4aee-a560-ea16ac42e440}</UniqueIdentifier>
    </Filter>
    <Filter Include="02.Component\00.MonoBehaviour\98.DemoAnimationController">
      <UniqueIdentifier>{4e20d96b-da76-43f6-a3f0-f2eb67c11347}</UniqueIdentifier>
    </Filter>
    <Filter Include="02.Component\01.FSM">
      <UniqueIdentifier>{5106d280-65b5-4a05-b449-e52004caa4f6}</UniqueIdentifier>
    </Filter>
    <Filter Include="99.Header\98.Default">
      <UniqueIdentifier>{1416d258-c22e-43be-a507-5d8b90f21cef}</UniqueIdentifier>
    </Filter>
    <Filter Include="02.Component\00.MonoBehaviour\00.MainCameraScript">
      <UniqueIdentifier>{c016c014-a8d2-4a1c-a3ab-e1eca59afce4}</UniqueIdentifier>
    </Filter>
    <Filter Include="02.Component\00.MonoBehaviour\01.WeaponScript">
      <UniqueIdentifier>{b9bdbe99-4328-44ff-a881-4aa947da18c2}</UniqueIdentifier>
    </Filter>
    <Filter Include="02.Component\00.MonoBehaviour\97.DebugScript">
      <UniqueIdentifier>{308378ec-739c-4087-8d4f-fdec1ef5243b}</UniqueIdentifier>
    </Filter>
    <Filter Include="02.Component\00.MonoBehaviour\02.HeroChangeScript">
      <UniqueIdentifier>{bb2d52fc-f7e9-4e90-8a3c-e7669ddef7c5}</UniqueIdentifier>
    </Filter>
    <Filter Include="02.Component\00.MonoBehaviour\00.Effect">
      <UniqueIdentifier>{f932d599-d9a4-43cf-bfbd-ccd8c7773062}</UniqueIdentifier>
    </Filter>
    <Filter Include="98.Debug">
      <UniqueIdentifier>{2c0559c7-c128-46e1-9d65-00203eecdd37}</UniqueIdentifier>
    </Filter>
    <Filter Include="02.Component\MapObject">
      <UniqueIdentifier>{eaa2751e-548a-4450-b36d-db18a2643371}</UniqueIdentifier>
    </Filter>
    <Filter Include="02.Component\01.FSM\01.Hero_FSM">
      <UniqueIdentifier>{1db04cc3-20eb-4a9e-8fa2-ae1f2d2e778d}</UniqueIdentifier>
    </Filter>
    <Filter Include="02.Component\01.FSM\01.Hero_FSM\01.SpearAce_FSM">
      <UniqueIdentifier>{8f3e1798-25d3-4565-9312-f2cdbe87d1b2}</UniqueIdentifier>
    </Filter>
    <Filter Include="02.Component\01.FSM\01.Hero_FSM\02.Kyle_FSM">
      <UniqueIdentifier>{9c458996-fc46-44b2-8422-08f71c7219c7}</UniqueIdentifier>
    </Filter>
    <Filter Include="02.Component\01.FSM\02.Monster_FSM">
      <UniqueIdentifier>{5c127847-43c6-4fd8-b217-fe6fded2aaa1}</UniqueIdentifier>
    </Filter>
    <Filter Include="02.Component\01.FSM\02.Monster_FSM\00.Silversword_Soldier_FSM">
      <UniqueIdentifier>{2d025cc6-fb7d-439c-b7e9-79904de361be}</UniqueIdentifier>
    </Filter>
    <Filter Include="02.Component\00.MonoBehaviour\03.ColliderInfoScript">
      <UniqueIdentifier>{4f3b2b44-9774-4323-b110-9299fc60311e}</UniqueIdentifier>
    </Filter>
    <Filter Include="02.Component\00.MonoBehaviour\03.ColliderInfoScript\AttackCollider">
      <UniqueIdentifier>{fc29a8dd-b20a-43e9-9bc9-f9e08b43daf6}</UniqueIdentifier>
    </Filter>
    <Filter Include="02.Component\00.MonoBehaviour\04.SkillScript">
      <UniqueIdentifier>{a5b52b0c-57ba-4d33-9b3f-4dbcf057ce3c}</UniqueIdentifier>
    </Filter>
    <Filter Include="98.Debug\IMGUI">
      <UniqueIdentifier>{f2665d11-bb97-4f08-a1af-aad681188898}</UniqueIdentifier>
    </Filter>
    <Filter Include="01.Scene\01.LogoScene">
      <UniqueIdentifier>{d4df64fa-d4fe-4744-a668-ba7d939bcfbc}</UniqueIdentifier>
    </Filter>
    <Filter Include="01.Scene\00.LoadingScene">
      <UniqueIdentifier>{06c79e5e-d8ca-4693-9154-eedfc3cb082a}</UniqueIdentifier>
    </Filter>
    <Filter Include="01.Scene\00.LoadingScene\Loader">
      <UniqueIdentifier>{d65c794f-be39-4eaa-844a-ccf9babac16e}</UniqueIdentifier>
    </Filter>
    <Filter Include="02.Component\01.FSM\01.Hero_FSM\03.Yeopo_FSM">
      <UniqueIdentifier>{adee62f6-760f-45e5-b909-0f43e4db384c}</UniqueIdentifier>
    </Filter>
    <Filter Include="02.Component\01.FSM\01.Hero_FSM\04.Dellons_FSM">
      <UniqueIdentifier>{6271cf5d-07bd-40b3-981c-e1ac33b0459d}</UniqueIdentifier>
    </Filter>
    <Filter Include="02.Component\01.FSM\03.Special_FSM">
      <UniqueIdentifier>{07de820b-d706-4b0a-a69a-dbc77ce8061d}</UniqueIdentifier>
    </Filter>
    <Filter Include="02.Component\01.FSM\02.Monster_FSM\01.Boss_Mir_FSM">
      <UniqueIdentifier>{d4e80f64-1b0a-46b9-805f-e088a44bd55f}</UniqueIdentifier>
    </Filter>
    <Filter Include="02.Component\00.MonoBehaviour\00.Effect\00.CounterMotionTrailScript">
      <UniqueIdentifier>{8488e19a-7f84-4002-9311-474fb39e75d7}</UniqueIdentifier>
    </Filter>
    <Filter Include="02.Component\00.MonoBehaviour\01.Ui">
      <UniqueIdentifier>{d01967dc-87d0-4b9b-8bcd-142b7976af16}</UniqueIdentifier>
    </Filter>
    <Filter Include="02.Component\00.MonoBehaviour\01.Ui\01.CoolTimeCheck">
      <UniqueIdentifier>{de0d89e0-2a9b-40d4-8788-a7d5e04a045e}</UniqueIdentifier>
    </Filter>
    <Filter Include="02.Component\00.MonoBehaviour\01.Ui\00.UiLoading">
      <UniqueIdentifier>{168effa2-6af2-44a5-92c5-5a653c5ee4fd}</UniqueIdentifier>
    </Filter>
    <Filter Include="02.Component\00.MonoBehaviour\01.Ui\03.UiSkillButtonEffect">
      <UniqueIdentifier>{7e37de1a-2080-4f1e-af15-9e960e8ce733}</UniqueIdentifier>
    </Filter>
    <Filter Include="02.Component\00.MonoBehaviour\01.Ui\04.UiCoolEndEffect">
      <UniqueIdentifier>{548c5d6c-3aea-45d8-a8a7-2e8a56b0ab2c}</UniqueIdentifier>
    </Filter>
    <Filter Include="02.Component\00.MonoBehaviour\01.Ui\05.UiCharChange">
      <UniqueIdentifier>{d7ec9187-4810-4eb3-99f4-b8ac7467bb1f}</UniqueIdentifier>
    </Filter>
    <Filter Include="02.Component\00.MonoBehaviour\01.Ui\06.UiGachaCardMove">
      <UniqueIdentifier>{102f1145-f71e-42d9-9844-068bc263bbaf}</UniqueIdentifier>
    </Filter>
    <Filter Include="02.Component\00.MonoBehaviour\01.Ui\06.UiGachaCardMove\01.UiGachaCardMove">
      <UniqueIdentifier>{3027831e-95ce-4d09-be27-03c52c94d2c6}</UniqueIdentifier>
    </Filter>
    <Filter Include="02.Component\00.MonoBehaviour\01.Ui\06.UiGachaCardMove\00.UiGachaController">
      <UniqueIdentifier>{59555707-6b8d-4053-8196-de99405ea5f9}</UniqueIdentifier>
    </Filter>
    <Filter Include="02.Component\00.MonoBehaviour\01.Ui\06.UiGachaCardMove\02.UiGachaEffectController">
      <UniqueIdentifier>{82ec2157-d9a5-4909-b39f-d09e7c92c4a0}</UniqueIdentifier>
    </Filter>
    <Filter Include="02.Component\00.MonoBehaviour\01.Ui\07.UiCardDeckController">
      <UniqueIdentifier>{df3fd50c-985b-4249-80f7-4903d25499ee}</UniqueIdentifier>
    </Filter>
    <Filter Include="02.Component\01.FSM\01.Hero_FSM\00.Player_FSM">
      <UniqueIdentifier>{191e18ce-720d-45fb-955c-e7be52b1232b}</UniqueIdentifier>
    </Filter>
    <Filter Include="02.Component\00.MonoBehaviour\05.Object">
      <UniqueIdentifier>{cb1c73e1-4a3a-44db-89b8-d0e6ad4cc4d6}</UniqueIdentifier>
    </Filter>
    <Filter Include="97.Manager">
      <UniqueIdentifier>{4ee62b09-76e9-4bd3-8553-1d4e912c45b2}</UniqueIdentifier>
    </Filter>
    <Filter Include="02.Component\00.MonoBehaviour\01.Ui\08.MainUIController">
      <UniqueIdentifier>{30821e96-89ae-4920-865d-9c36a2e717df}</UniqueIdentifier>
    </Filter>
    <Filter Include="02.Component\00.MonoBehaviour\01.Ui\09.UiCardDeckInvenChange">
      <UniqueIdentifier>{45081402-d3fc-4713-9ed4-75b7f961e759}</UniqueIdentifier>
    </Filter>
    <Filter Include="02.Component\01.FSM\02.Monster_FSM\02.Boss_Dellons_FSM">
      <UniqueIdentifier>{f2eabd1a-e71d-4a00-b020-f9c66162fef8}</UniqueIdentifier>
    </Filter>
    <Filter Include="02.Component\01.FSM\03.Special_FSM\00.Hero_Special_FSM">
      <UniqueIdentifier>{5f951534-c818-4ff1-9eac-7dbda5ac0b34}</UniqueIdentifier>
    </Filter>
    <Filter Include="02.Component\01.FSM\03.Special_FSM\00.Hero_Special_FSM\00.YeopoHorse_FSM">
      <UniqueIdentifier>{fa466479-4511-48b4-acab-3bc2b7806f28}</UniqueIdentifier>
    </Filter>
    <Filter Include="02.Component\01.FSM\03.Special_FSM\00.Hero_Special_FSM\01.DellonsWraith_FSM">
      <UniqueIdentifier>{ac3b214e-9091-4a89-aaaa-de5645f05306}</UniqueIdentifier>
    </Filter>
    <Filter Include="02.Component\01.FSM\03.Special_FSM\01.Monster_Special_FSM">
      <UniqueIdentifier>{24234652-a80d-498a-b2f0-5782c9c5d25b}</UniqueIdentifier>
    </Filter>
    <Filter Include="02.Component\01.FSM\03.Special_FSM\01.Monster_Special_FSM\00.Boss_DellonsWraith_FSM">
      <UniqueIdentifier>{8fba78b0-27ef-41a0-a470-3d59fa36e759}</UniqueIdentifier>
    </Filter>
    <Filter Include="02.Component\00.MonoBehaviour\06.GachaHeroControl">
      <UniqueIdentifier>{28db0f85-341d-4005-8b19-b28b0c6d284f}</UniqueIdentifier>
    </Filter>
    <Filter Include="02.Component\01.FSM\04.Gacha_FSM">
      <UniqueIdentifier>{19256a04-e1b4-4293-8c09-37d7b949e6bc}</UniqueIdentifier>
    </Filter>
    <Filter Include="02.Component\00.MonoBehaviour\01.Ui\02.UiHpBarController">
      <UniqueIdentifier>{ddb62fe5-0028-482f-a21c-728ae38e9433}</UniqueIdentifier>
    </Filter>
    <Filter Include="02.Component\01.FSM\01.Hero_FSM\05.Spike_FSM">
      <UniqueIdentifier>{c430e1c9-328a-4db3-a452-923e9ba683ea}</UniqueIdentifier>
    </Filter>
  </ItemGroup>
  <ItemGroup>
    <ClInclude Include="Client.h">
      <Filter>99.Header\98.Default</Filter>
    </ClInclude>
    <ClInclude Include="Resource.h">
      <Filter>99.Header\98.Default</Filter>
    </ClInclude>
    <ClInclude Include="pch.h">
      <Filter>99.Header</Filter>
    </ClInclude>
    <ClInclude Include="Client_Define.h">
      <Filter>99.Header</Filter>
    </ClInclude>
    <ClInclude Include="MainApp.h">
      <Filter>00.MainApp</Filter>
    </ClInclude>
    <ClInclude Include="LoadingScene.h">
      <Filter>01.Scene\00.LoadingScene</Filter>
    </ClInclude>
    <ClInclude Include="Loader.h">
      <Filter>01.Scene\00.LoadingScene\Loader</Filter>
    </ClInclude>
    <ClInclude Include="DemoScene.h">
      <Filter>01.Scene\00.DemoScene</Filter>
    </ClInclude>
    <ClInclude Include="DemoCameraScript1.h">
      <Filter>02.Component\00.MonoBehaviour\99.DemoCameraScript</Filter>
    </ClInclude>
    <ClInclude Include="DemoCameraScript2.h">
      <Filter>02.Component\00.MonoBehaviour\99.DemoCameraScript</Filter>
    </ClInclude>
    <ClInclude Include="DemoAnimationController1.h">
      <Filter>02.Component\00.MonoBehaviour\98.DemoAnimationController</Filter>
    </ClInclude>
    <ClInclude Include="SpearAce_FSM.h">
      <Filter>02.Component\01.FSM\01.Hero_FSM\01.SpearAce_FSM</Filter>
    </ClInclude>
    <ClInclude Include="MainCameraScript.h">
      <Filter>02.Component\00.MonoBehaviour\00.MainCameraScript</Filter>
    </ClInclude>
    <ClInclude Include="WeaponScript.h">
      <Filter>02.Component\00.MonoBehaviour\01.WeaponScript</Filter>
    </ClInclude>
    <ClInclude Include="Kyle_FSM.h">
      <Filter>02.Component\01.FSM\01.Hero_FSM\02.Kyle_FSM</Filter>
    </ClInclude>
    <ClInclude Include="ObjectTransformDebug.h">
      <Filter>02.Component\00.MonoBehaviour\97.DebugScript</Filter>
    </ClInclude>
    <ClInclude Include="HeroChangeScript.h">
      <Filter>02.Component\00.MonoBehaviour\02.HeroChangeScript</Filter>
    </ClInclude>
    <ClInclude Include="Debug_CreateMotionTrail.h">
      <Filter>02.Component\00.MonoBehaviour\97.DebugScript</Filter>
    </ClInclude>
    <ClInclude Include="MotionTrailDisappear.h">
      <Filter>02.Component\00.MonoBehaviour\00.Effect</Filter>
    </ClInclude>
    <ClInclude Include="DebugTool.h">
      <Filter>98.Debug</Filter>
    </ClInclude>
    <ClInclude Include="MapObjectScript.h">
      <Filter>02.Component\MapObject</Filter>
    </ClInclude>
    <ClInclude Include="Silversword_Soldier_FSM.h">
      <Filter>02.Component\01.FSM\02.Monster_FSM\00.Silversword_Soldier_FSM</Filter>
    </ClInclude>
    <ClInclude Include="AttackColliderInfoScript.h">
      <Filter>02.Component\00.MonoBehaviour\03.ColliderInfoScript\AttackCollider</Filter>
    </ClInclude>
    <ClInclude Include="ForwardMovingSkillScript.h">
      <Filter>02.Component\00.MonoBehaviour\04.SkillScript</Filter>
    </ClInclude>
    <ClInclude Include="..\Libraries\Include\IMGUI\dirent\dirent.h">
      <Filter>98.Debug\IMGUI</Filter>
    </ClInclude>
    <ClInclude Include="..\Libraries\Include\IMGUI\imconfig.h">
      <Filter>98.Debug\IMGUI</Filter>
    </ClInclude>
    <ClInclude Include="..\Libraries\Include\IMGUI\ImCurveEdit.h">
      <Filter>98.Debug\IMGUI</Filter>
    </ClInclude>
    <ClInclude Include="..\Libraries\Include\IMGUI\ImGradient.h">
      <Filter>98.Debug\IMGUI</Filter>
    </ClInclude>
    <ClInclude Include="..\Libraries\Include\IMGUI\imgui.h">
      <Filter>98.Debug\IMGUI</Filter>
    </ClInclude>
    <ClInclude Include="..\Libraries\Include\IMGUI\imgui_impl_dx11.h">
      <Filter>98.Debug\IMGUI</Filter>
    </ClInclude>
    <ClInclude Include="..\Libraries\Include\IMGUI\imgui_impl_win32.h">
      <Filter>98.Debug\IMGUI</Filter>
    </ClInclude>
    <ClInclude Include="..\Libraries\Include\IMGUI\imgui_internal.h">
      <Filter>98.Debug\IMGUI</Filter>
    </ClInclude>
    <ClInclude Include="..\Libraries\Include\IMGUI\imgui_stdlib.h">
      <Filter>98.Debug\IMGUI</Filter>
    </ClInclude>
    <ClInclude Include="..\Libraries\Include\IMGUI\ImGuiFileDialog.h">
      <Filter>98.Debug\IMGUI</Filter>
    </ClInclude>
    <ClInclude Include="..\Libraries\Include\IMGUI\ImGuiFileDialogConfig.h">
      <Filter>98.Debug\IMGUI</Filter>
    </ClInclude>
    <ClInclude Include="..\Libraries\Include\IMGUI\ImGuizmo.h">
      <Filter>98.Debug\IMGUI</Filter>
    </ClInclude>
    <ClInclude Include="..\Libraries\Include\IMGUI\ImSequencer.h">
      <Filter>98.Debug\IMGUI</Filter>
    </ClInclude>
    <ClInclude Include="..\Libraries\Include\IMGUI\imstb_rectpack.h">
      <Filter>98.Debug\IMGUI</Filter>
    </ClInclude>
    <ClInclude Include="..\Libraries\Include\IMGUI\imstb_textedit.h">
      <Filter>98.Debug\IMGUI</Filter>
    </ClInclude>
    <ClInclude Include="..\Libraries\Include\IMGUI\imstb_truetype.h">
      <Filter>98.Debug\IMGUI</Filter>
    </ClInclude>
    <ClInclude Include="..\Libraries\Include\IMGUI\ImZoomSlider.h">
      <Filter>98.Debug\IMGUI</Filter>
    </ClInclude>
    <ClInclude Include="LogoScene.h">
      <Filter>01.Scene\01.LogoScene</Filter>
    </ClInclude>
    <ClInclude Include="..\Shaders\Fxaa3_11.h">
      <Filter>Shader\Common</Filter>
    </ClInclude>
    <ClInclude Include="UiLoadingScript.h">
      <Filter>02.Component\00.MonoBehaviour\01.Ui\00.UiLoading</Filter>
    </ClInclude>
    <ClInclude Include="CoolTimeCheckScript.h">
      <Filter>02.Component\00.MonoBehaviour\01.Ui\01.CoolTimeCheck</Filter>
    </ClInclude>
    <ClInclude Include="Yeopo_FSM.h">
      <Filter>02.Component\01.FSM\01.Hero_FSM\03.Yeopo_FSM</Filter>
    </ClInclude>
    <ClInclude Include="Dellons_FSM.h">
      <Filter>02.Component\01.FSM\01.Hero_FSM\04.Dellons_FSM</Filter>
    </ClInclude>
    <ClInclude Include="DellonsWraith_FSM.h">
      <Filter>02.Component\01.FSM\03.Special_FSM\00.Hero_Special_FSM\01.DellonsWraith_FSM</Filter>
    </ClInclude>
    <ClInclude Include="YeopoHorse_FSM.h">
      <Filter>02.Component\01.FSM\03.Special_FSM\00.Hero_Special_FSM\00.YeopoHorse_FSM</Filter>
    </ClInclude>
    <ClInclude Include="Boss_Mir_FSM.h">
      <Filter>02.Component\01.FSM\02.Monster_FSM\01.Boss_Mir_FSM</Filter>
    </ClInclude>
    <ClInclude Include="CounterMotionTrailScript.h">
      <Filter>02.Component\00.MonoBehaviour\00.Effect\00.CounterMotionTrailScript</Filter>
    </ClInclude>
    <ClInclude Include="Client_Struct.h">
      <Filter>99.Header</Filter>
    </ClInclude>
    <ClInclude Include="Client_Enum.h">
      <Filter>99.Header</Filter>
    </ClInclude>
    <ClInclude Include="Client_Macro.h">
      <Filter>99.Header</Filter>
    </ClInclude>
    <ClInclude Include="UiSkillButtonEffect.h">
      <Filter>02.Component\00.MonoBehaviour\01.Ui\03.UiSkillButtonEffect</Filter>
    </ClInclude>
    <ClInclude Include="UiCoolEndEffect.h">
      <Filter>02.Component\00.MonoBehaviour\01.Ui\04.UiCoolEndEffect</Filter>
    </ClInclude>
    <ClInclude Include="UiCharChange.h">
      <Filter>02.Component\00.MonoBehaviour\01.Ui\05.UiCharChange</Filter>
    </ClInclude>
    <ClInclude Include="UiGachaCardMove.h">
      <Filter>02.Component\00.MonoBehaviour\01.Ui\06.UiGachaCardMove\01.UiGachaCardMove</Filter>
    </ClInclude>
    <ClInclude Include="UiGachaController.h">
      <Filter>02.Component\00.MonoBehaviour\01.Ui\06.UiGachaCardMove\00.UiGachaController</Filter>
    </ClInclude>
    <ClInclude Include="UiGachaEffectController.h">
      <Filter>02.Component\00.MonoBehaviour\01.Ui\06.UiGachaCardMove\02.UiGachaEffectController</Filter>
    </ClInclude>
    <ClInclude Include="UiCardDeckController.h">
      <Filter>02.Component\00.MonoBehaviour\01.Ui\07.UiCardDeckController</Filter>
    </ClInclude>
    <ClInclude Include="Player_FSM.h">
      <Filter>02.Component\01.FSM\01.Hero_FSM\00.Player_FSM</Filter>
    </ClInclude>
    <ClInclude Include="DataMgr.h">
      <Filter>97.Manager</Filter>
    </ClInclude>
    <ClInclude Include="MainUiController.h">
      <Filter>02.Component\00.MonoBehaviour\01.Ui\08.MainUIController</Filter>
    </ClInclude>
    <ClInclude Include="UiCardDeckInvenChange.h">
      <Filter>02.Component\00.MonoBehaviour\01.Ui\09.UiCardDeckInvenChange</Filter>
    </ClInclude>
    <ClInclude Include="Gacha_FSM.h">
      <Filter>02.Component\01.FSM\04.Gacha_FSM</Filter>
    </ClInclude>
    <ClInclude Include="Kyle_GachaScene.h" />
    <ClInclude Include="Boss_DellonsWraith_FSM.h">
      <Filter>02.Component\01.FSM\02.Monster_FSM\02.Boss_Dellons_FSM</Filter>
    </ClInclude>
    <ClInclude Include="Boss_Dellons_FSM.h">
      <Filter>02.Component\01.FSM\02.Monster_FSM\02.Boss_Dellons_FSM</Filter>
    </ClInclude>
    <ClInclude Include="UiHpBarController.h">
      <Filter>02.Component\00.MonoBehaviour\01.Ui\02.UiHpBarController</Filter>
    </ClInclude>
    <ClInclude Include="Boss_DellonsWraith_FSM.h">
      <Filter>02.Component\01.FSM\03.Special_FSM\01.Monster_Special_FSM\00.Boss_DellonsWraith_FSM</Filter>
    </ClInclude>
    <ClInclude Include="Spike_FSM.h">
      <Filter>02.Component\01.FSM\01.Hero_FSM\05.Spike_FSM</Filter>
    </ClInclude>
    <ClInclude Include="UiMonsterHp.h" />
    <ClInclude Include="UiTargetLockOn.h" />
  </ItemGroup>
  <ItemGroup>
    <ClCompile Include="Client.cpp">
      <Filter>99.Header\98.Default</Filter>
    </ClCompile>
    <ClCompile Include="pch.cpp">
      <Filter>99.Header</Filter>
    </ClCompile>
    <ClCompile Include="MainApp.cpp">
      <Filter>00.MainApp</Filter>
    </ClCompile>
    <ClCompile Include="LoadingScene.cpp">
      <Filter>01.Scene\00.LoadingScene</Filter>
    </ClCompile>
    <ClCompile Include="Loader.cpp">
      <Filter>01.Scene\00.LoadingScene\Loader</Filter>
    </ClCompile>
    <ClCompile Include="DemoScene.cpp">
      <Filter>01.Scene\00.DemoScene</Filter>
    </ClCompile>
    <ClCompile Include="DemoCameraScript1.cpp">
      <Filter>02.Component\00.MonoBehaviour\99.DemoCameraScript</Filter>
    </ClCompile>
    <ClCompile Include="DemoCameraScript2.cpp">
      <Filter>02.Component\00.MonoBehaviour\99.DemoCameraScript</Filter>
    </ClCompile>
    <ClCompile Include="DemoAnimationController1.cpp">
      <Filter>02.Component\00.MonoBehaviour\98.DemoAnimationController</Filter>
    </ClCompile>
    <ClCompile Include="SpearAce_FSM.cpp">
      <Filter>02.Component\01.FSM\01.Hero_FSM\01.SpearAce_FSM</Filter>
    </ClCompile>
    <ClCompile Include="MainCameraScript.cpp">
      <Filter>02.Component\00.MonoBehaviour\00.MainCameraScript</Filter>
    </ClCompile>
    <ClCompile Include="WeaponScript.cpp">
      <Filter>02.Component\00.MonoBehaviour\01.WeaponScript</Filter>
    </ClCompile>
    <ClCompile Include="Kyle_FSM.cpp">
      <Filter>02.Component\01.FSM\01.Hero_FSM\02.Kyle_FSM</Filter>
    </ClCompile>
    <ClCompile Include="ObjectTransformDebug.cpp">
      <Filter>02.Component\00.MonoBehaviour\97.DebugScript</Filter>
    </ClCompile>
    <ClCompile Include="HeroChangeScript.cpp">
      <Filter>02.Component\00.MonoBehaviour\02.HeroChangeScript</Filter>
    </ClCompile>
    <ClCompile Include="Debug_CreateMotionTrail.cpp">
      <Filter>02.Component\00.MonoBehaviour\97.DebugScript</Filter>
    </ClCompile>
    <ClCompile Include="MotionTrailDisappear.cpp">
      <Filter>02.Component\00.MonoBehaviour\00.Effect</Filter>
    </ClCompile>
    <ClCompile Include="DebugTool.cpp">
      <Filter>98.Debug</Filter>
    </ClCompile>
    <ClCompile Include="MapObjectScript.cpp">
      <Filter>02.Component\MapObject</Filter>
    </ClCompile>
    <ClCompile Include="Silversword_Soldier_FSM.cpp">
      <Filter>02.Component\01.FSM\02.Monster_FSM\00.Silversword_Soldier_FSM</Filter>
    </ClCompile>
    <ClCompile Include="AttackColliderInfoScript.cpp">
      <Filter>02.Component\00.MonoBehaviour\03.ColliderInfoScript\AttackCollider</Filter>
    </ClCompile>
    <ClCompile Include="ForwardMovingSkillScript.cpp">
      <Filter>02.Component\00.MonoBehaviour\04.SkillScript</Filter>
    </ClCompile>
    <ClCompile Include="..\Libraries\Include\IMGUI\ImCurveEdit.cpp">
      <Filter>98.Debug\IMGUI</Filter>
    </ClCompile>
    <ClCompile Include="..\Libraries\Include\IMGUI\ImGradient.cpp">
      <Filter>98.Debug\IMGUI</Filter>
    </ClCompile>
    <ClCompile Include="..\Libraries\Include\IMGUI\imgui.cpp">
      <Filter>98.Debug\IMGUI</Filter>
    </ClCompile>
    <ClCompile Include="..\Libraries\Include\IMGUI\imgui_demo.cpp">
      <Filter>98.Debug\IMGUI</Filter>
    </ClCompile>
    <ClCompile Include="..\Libraries\Include\IMGUI\imgui_draw.cpp">
      <Filter>98.Debug\IMGUI</Filter>
    </ClCompile>
    <ClCompile Include="..\Libraries\Include\IMGUI\imgui_impl_dx11.cpp">
      <Filter>98.Debug\IMGUI</Filter>
    </ClCompile>
    <ClCompile Include="..\Libraries\Include\IMGUI\imgui_impl_win32.cpp">
      <Filter>98.Debug\IMGUI</Filter>
    </ClCompile>
    <ClCompile Include="..\Libraries\Include\IMGUI\imgui_stdlib.cpp">
      <Filter>98.Debug\IMGUI</Filter>
    </ClCompile>
    <ClCompile Include="..\Libraries\Include\IMGUI\imgui_tables.cpp">
      <Filter>98.Debug\IMGUI</Filter>
    </ClCompile>
    <ClCompile Include="..\Libraries\Include\IMGUI\imgui_widgets.cpp">
      <Filter>98.Debug\IMGUI</Filter>
    </ClCompile>
    <ClCompile Include="..\Libraries\Include\IMGUI\ImGuiFileDialog.cpp">
      <Filter>98.Debug\IMGUI</Filter>
    </ClCompile>
    <ClCompile Include="..\Libraries\Include\IMGUI\ImGuizmo.cpp">
      <Filter>98.Debug\IMGUI</Filter>
    </ClCompile>
    <ClCompile Include="..\Libraries\Include\IMGUI\ImSequencer.cpp">
      <Filter>98.Debug\IMGUI</Filter>
    </ClCompile>
    <ClCompile Include="LogoScene.cpp">
      <Filter>01.Scene\01.LogoScene</Filter>
    </ClCompile>
    <ClCompile Include="UiLoadingScript.cpp">
      <Filter>02.Component\00.MonoBehaviour\01.Ui\00.UiLoading</Filter>
    </ClCompile>
    <ClCompile Include="CoolTimeCheckScript.cpp">
      <Filter>02.Component\00.MonoBehaviour\01.Ui\01.CoolTimeCheck</Filter>
    </ClCompile>
    <ClCompile Include="Yeopo_FSM.cpp">
      <Filter>02.Component\01.FSM\01.Hero_FSM\03.Yeopo_FSM</Filter>
    </ClCompile>
    <ClCompile Include="Dellons_FSM.cpp">
      <Filter>02.Component\01.FSM\01.Hero_FSM\04.Dellons_FSM</Filter>
    </ClCompile>
    <ClCompile Include="DellonsWraith_FSM.cpp">
      <Filter>02.Component\01.FSM\03.Special_FSM\00.Hero_Special_FSM\01.DellonsWraith_FSM</Filter>
    </ClCompile>
    <ClCompile Include="YeopoHorse_FSM.cpp">
      <Filter>02.Component\01.FSM\03.Special_FSM\00.Hero_Special_FSM\00.YeopoHorse_FSM</Filter>
    </ClCompile>
    <ClCompile Include="Boss_Mir_FSM.cpp">
      <Filter>02.Component\01.FSM\02.Monster_FSM\01.Boss_Mir_FSM</Filter>
    </ClCompile>
    <ClCompile Include="CounterMotionTrailScript.cpp">
      <Filter>02.Component\00.MonoBehaviour\00.Effect\00.CounterMotionTrailScript</Filter>
    </ClCompile>
    <ClCompile Include="UiSkillButtonEffect.cpp">
      <Filter>02.Component\00.MonoBehaviour\01.Ui\03.UiSkillButtonEffect</Filter>
    </ClCompile>
    <ClCompile Include="UiCoolEndEffect.cpp">
      <Filter>02.Component\00.MonoBehaviour\01.Ui\04.UiCoolEndEffect</Filter>
    </ClCompile>
    <ClCompile Include="UiCharChange.cpp">
      <Filter>02.Component\00.MonoBehaviour\01.Ui\05.UiCharChange</Filter>
    </ClCompile>
    <ClCompile Include="UiGachaCardMove.cpp">
      <Filter>02.Component\00.MonoBehaviour\01.Ui\06.UiGachaCardMove\01.UiGachaCardMove</Filter>
    </ClCompile>
    <ClCompile Include="UiGachaController.cpp">
      <Filter>02.Component\00.MonoBehaviour\01.Ui\06.UiGachaCardMove\00.UiGachaController</Filter>
    </ClCompile>
    <ClCompile Include="UiGachaEffectController.cpp">
      <Filter>02.Component\00.MonoBehaviour\01.Ui\06.UiGachaCardMove\02.UiGachaEffectController</Filter>
    </ClCompile>
    <ClCompile Include="UiCardDeckController.cpp">
      <Filter>02.Component\00.MonoBehaviour\01.Ui\07.UiCardDeckController</Filter>
    </ClCompile>
    <ClCompile Include="Player_FSM.cpp">
      <Filter>02.Component\01.FSM\01.Hero_FSM\00.Player_FSM</Filter>
    </ClCompile>
    <ClCompile Include="DataMgr.cpp">
      <Filter>97.Manager</Filter>
    </ClCompile>
    <ClCompile Include="MainUiController.cpp">
      <Filter>02.Component\00.MonoBehaviour\01.Ui\08.MainUIController</Filter>
    </ClCompile>
    <ClCompile Include="UiCardDeckInvenChange.cpp">
      <Filter>02.Component\00.MonoBehaviour\01.Ui\09.UiCardDeckInvenChange</Filter>
    </ClCompile>
    <ClCompile Include="Gacha_FSM.cpp">
      <Filter>02.Component\01.FSM\04.Gacha_FSM</Filter>
    </ClCompile>
    <ClCompile Include="Kyle_GachaScene.cpp" />
    <ClCompile Include="Boss_Dellons_FSM.cpp">
      <Filter>02.Component\01.FSM\02.Monster_FSM\02.Boss_Dellons_FSM</Filter>
    </ClCompile>
    <ClCompile Include="UiHpBarController.cpp">
      <Filter>02.Component\00.MonoBehaviour\01.Ui\02.UiHpBarController</Filter>
    </ClCompile>
    <ClCompile Include="Boss_DellonsWraith_FSM.cpp">
      <Filter>02.Component\01.FSM\03.Special_FSM\01.Monster_Special_FSM\00.Boss_DellonsWraith_FSM</Filter>
    </ClCompile>
    <ClCompile Include="Spike_FSM.cpp">
      <Filter>02.Component\01.FSM\01.Hero_FSM\05.Spike_FSM</Filter>
    </ClCompile>
    <ClCompile Include="UiMonsterHp.cpp" />
    <ClCompile Include="UiTargetLockOn.cpp" />
  </ItemGroup>
  <ItemGroup>
    <Image Include="small.ico">
      <Filter>99.Header\98.Default</Filter>
    </Image>
    <Image Include="Client.ico">
      <Filter>99.Header\98.Default</Filter>
    </Image>
  </ItemGroup>
  <ItemGroup>
    <ResourceCompile Include="Client.rc">
      <Filter>99.Header\98.Default</Filter>
    </ResourceCompile>
  </ItemGroup>
  <ItemGroup>
    <FxCompile Include="..\Shaders\Shader_Distortion.fx">
      <Filter>Shader</Filter>
    </FxCompile>
    <FxCompile Include="..\Shaders\Shader_Effect.fx">
      <Filter>Shader</Filter>
    </FxCompile>
    <FxCompile Include="..\Shaders\Shader_Final.fx">
      <Filter>Shader</Filter>
    </FxCompile>
    <FxCompile Include="..\Shaders\Shader_Mesh.fx">
      <Filter>Shader</Filter>
    </FxCompile>
    <FxCompile Include="..\Shaders\Shader_Model.fx">
      <Filter>Shader</Filter>
    </FxCompile>
    <FxCompile Include="..\Shaders\Shader_Particle.fx">
      <Filter>Shader</Filter>
    </FxCompile>
    <FxCompile Include="..\Shaders\Shader_Trail.fx">
      <Filter>Shader</Filter>
    </FxCompile>
    <FxCompile Include="..\Shaders\Shadow.fx">
      <Filter>Shader</Filter>
    </FxCompile>
    <FxCompile Include="..\Shaders\SkyBox.fx">
      <Filter>Shader</Filter>
    </FxCompile>
    <FxCompile Include="..\Shaders\Billboard.fx">
      <Filter>Shader</Filter>
    </FxCompile>
    <FxCompile Include="..\Shaders\Blur.fx">
      <Filter>Shader</Filter>
    </FxCompile>
    <FxCompile Include="..\Shaders\ComputeShader.fx">
      <Filter>Shader</Filter>
    </FxCompile>
    <FxCompile Include="..\Shaders\Distorted_Final.fx">
      <Filter>Shader</Filter>
    </FxCompile>
    <FxCompile Include="..\Shaders\Lighting.fx">
      <Filter>Shader</Filter>
    </FxCompile>
    <FxCompile Include="..\Shaders\Global.fx">
      <Filter>Shader\Common</Filter>
    </FxCompile>
    <FxCompile Include="..\Shaders\Light.fx">
      <Filter>Shader\Common</Filter>
    </FxCompile>
    <FxCompile Include="..\Shaders\Shader_Bloom.fx">
      <Filter>Shader</Filter>
    </FxCompile>
    <FxCompile Include="..\Shaders\Shader_Particle2.fx">
      <Filter>Shader</Filter>
    </FxCompile>
    <FxCompile Include="..\Shaders\Shader_SSAO.fx">
      <Filter>Shader</Filter>
    </FxCompile>
    <FxCompile Include="..\Shaders\Shader_Effect2.fx">
      <Filter>Shader</Filter>
    </FxCompile>
    <FxCompile Include="..\Shaders\Shader_FXAA.fx">
      <Filter>Shader</Filter>
    </FxCompile>
    <FxCompile Include="..\Shaders\Shader_LensFlare.fx">
      <Filter>Shader</Filter>
    </FxCompile>
    <FxCompile Include="..\Shaders\Shader_Outline.fx">
      <Filter>Shader</Filter>
    </FxCompile>
    <FxCompile Include="..\Shaders\PBR.fx">
      <Filter>Shader\Common</Filter>
    </FxCompile>
    <FxCompile Include="..\Shaders\Render.fx">
      <Filter>Shader\Common</Filter>
    </FxCompile>
  </ItemGroup>
</Project>