<?xml version="1.0" encoding="utf-8"?>
<Project ToolsVersion="4.0" xmlns="http://schemas.microsoft.com/developer/msbuild/2003">
  <ItemGroup>
    <Filter Include="98.Default">
      <UniqueIdentifier>{1416d258-c22e-43be-a507-5d8b90f21cef}</UniqueIdentifier>
    </Filter>
    <Filter Include="99.Header">
      <UniqueIdentifier>{3eae259d-6692-4755-9e22-e4c6daecabae}</UniqueIdentifier>
    </Filter>
    <Filter Include="00.MainApp">
      <UniqueIdentifier>{e274b223-5662-4b74-8a7e-4b61c0fdc44e}</UniqueIdentifier>
    </Filter>
    <Filter Include="01.Scene">
      <UniqueIdentifier>{2bcfffec-11fd-40c3-acd5-ace3fb2236a3}</UniqueIdentifier>
    </Filter>
    <Filter Include="01.Scene\00.DemoScene">
      <UniqueIdentifier>{13315f5f-4c38-4adc-b0a3-367ada70f7cd}</UniqueIdentifier>
    </Filter>
    <Filter Include="01.Scene\01.LoadingScene">
      <UniqueIdentifier>{06c79e5e-d8ca-4693-9154-eedfc3cb082a}</UniqueIdentifier>
    </Filter>
    <Filter Include="01.Scene\01.LoadingScene\Loader">
      <UniqueIdentifier>{d65c794f-be39-4eaa-844a-ccf9babac16e}</UniqueIdentifier>
    </Filter>
    <Filter Include="02.Component">
      <UniqueIdentifier>{6977fc82-f1d7-4874-9763-e3be3397e979}</UniqueIdentifier>
    </Filter>
    <Filter Include="02.Component\00.MonoBehaviour">
      <UniqueIdentifier>{94e855a8-49bd-46da-868f-e6cfd65dd3e1}</UniqueIdentifier>
    </Filter>
    <Filter Include="02.Component\00.MonoBehaviour\99.DemoCameraScript">
      <UniqueIdentifier>{442112a9-56ae-4aee-a560-ea16ac42e440}</UniqueIdentifier>
    </Filter>
    <Filter Include="02.Component\00.MonoBehaviour\98.DemoAnimationController">
      <UniqueIdentifier>{4e20d96b-da76-43f6-a3f0-f2eb67c11347}</UniqueIdentifier>
    </Filter>
    <Filter Include="02.Component\01.FSM">
      <UniqueIdentifier>{5106d280-65b5-4a05-b449-e52004caa4f6}</UniqueIdentifier>
    </Filter>
    <Filter Include="02.Component\01.FSM\00.DemoFSM">
      <UniqueIdentifier>{8a982ce2-f0b2-4b7a-800d-dfeff839ac2b}</UniqueIdentifier>
    </Filter>
    <Filter Include="97.IMGUI">
      <UniqueIdentifier>{70102184-1efa-4c08-a535-182e88a4fa9f}</UniqueIdentifier>
    </Filter>
    <Filter Include="97.IMGUI\Manager">
      <UniqueIdentifier>{acee1967-1ca5-4398-be77-730d5d04a619}</UniqueIdentifier>
    </Filter>
    <Filter Include="IMGUI">
      <UniqueIdentifier>{a7357d4e-d4af-4a88-af54-a742500b0baa}</UniqueIdentifier>
    </Filter>
    <Filter Include="02.Component\00.MonoBehaviour\00.MapObject">
      <UniqueIdentifier>{a1cb13ea-80f9-4503-b57d-c660c7b73281}</UniqueIdentifier>
    </Filter>
    <Filter Include="02.Component\00.MonoBehaviour\01.WaterUVSlide">
      <UniqueIdentifier>{6c13c1d1-a6f8-4967-808f-89630c85d88a}</UniqueIdentifier>
    </Filter>
    <Filter Include="02.Component\00.MonoBehaviour\02.Weed">
      <UniqueIdentifier>{5b1d53e9-99e2-477f-940f-694ce762fc01}</UniqueIdentifier>
    </Filter>
  </ItemGroup>
  <ItemGroup>
    <ClInclude Include="Resource.h">
      <Filter>98.Default</Filter>
    </ClInclude>
    <ClInclude Include="pch.h">
      <Filter>99.Header</Filter>
    </ClInclude>
    <ClInclude Include="MainApp.h">
      <Filter>00.MainApp</Filter>
    </ClInclude>
    <ClInclude Include="LoadingScene.h">
      <Filter>01.Scene\01.LoadingScene</Filter>
    </ClInclude>
    <ClInclude Include="Loader.h">
      <Filter>01.Scene\01.LoadingScene\Loader</Filter>
    </ClInclude>
    <ClInclude Include="DemoScene.h">
      <Filter>01.Scene\00.DemoScene</Filter>
    </ClInclude>
    <ClInclude Include="DemoCameraScript1.h">
      <Filter>02.Component\00.MonoBehaviour\99.DemoCameraScript</Filter>
    </ClInclude>
    <ClInclude Include="DemoCameraScript2.h">
      <Filter>02.Component\00.MonoBehaviour\99.DemoCameraScript</Filter>
    </ClInclude>
    <ClInclude Include="DemoFSM.h">
      <Filter>02.Component\01.FSM\00.DemoFSM</Filter>
    </ClInclude>
    <ClInclude Include="DemoAnimationController1.h">
      <Filter>02.Component\00.MonoBehaviour\98.DemoAnimationController</Filter>
    </ClInclude>
    <ClInclude Include="MapTool.h">
      <Filter>98.Default</Filter>
    </ClInclude>
    <ClInclude Include="MapTool_Define.h">
      <Filter>99.Header</Filter>
    </ClInclude>
    <ClInclude Include="Imgui_Manager.h">
      <Filter>97.IMGUI\Manager</Filter>
    </ClInclude>
    <ClInclude Include="..\Libraries\Include\IMGUI\imconfig.h">
      <Filter>IMGUI</Filter>
    </ClInclude>
    <ClInclude Include="..\Libraries\Include\IMGUI\ImCurveEdit.h">
      <Filter>IMGUI</Filter>
    </ClInclude>
    <ClInclude Include="..\Libraries\Include\IMGUI\ImGradient.h">
      <Filter>IMGUI</Filter>
    </ClInclude>
    <ClInclude Include="..\Libraries\Include\IMGUI\imgui.h">
      <Filter>IMGUI</Filter>
    </ClInclude>
    <ClInclude Include="..\Libraries\Include\IMGUI\imgui_impl_dx11.h">
      <Filter>IMGUI</Filter>
    </ClInclude>
    <ClInclude Include="..\Libraries\Include\IMGUI\imgui_impl_win32.h">
      <Filter>IMGUI</Filter>
    </ClInclude>
    <ClInclude Include="..\Libraries\Include\IMGUI\imgui_internal.h">
      <Filter>IMGUI</Filter>
    </ClInclude>
    <ClInclude Include="..\Libraries\Include\IMGUI\imgui_stdlib.h">
      <Filter>IMGUI</Filter>
    </ClInclude>
    <ClInclude Include="..\Libraries\Include\IMGUI\ImGuiFileDialog.h">
      <Filter>IMGUI</Filter>
    </ClInclude>
    <ClInclude Include="..\Libraries\Include\IMGUI\ImGuiFileDialogConfig.h">
      <Filter>IMGUI</Filter>
    </ClInclude>
    <ClInclude Include="..\Libraries\Include\IMGUI\ImGuizmo.h">
      <Filter>IMGUI</Filter>
    </ClInclude>
    <ClInclude Include="..\Libraries\Include\IMGUI\ImSequencer.h">
      <Filter>IMGUI</Filter>
    </ClInclude>
    <ClInclude Include="..\Libraries\Include\IMGUI\imstb_rectpack.h">
      <Filter>IMGUI</Filter>
    </ClInclude>
    <ClInclude Include="..\Libraries\Include\IMGUI\imstb_textedit.h">
      <Filter>IMGUI</Filter>
    </ClInclude>
    <ClInclude Include="..\Libraries\Include\IMGUI\imstb_truetype.h">
      <Filter>IMGUI</Filter>
    </ClInclude>
    <ClInclude Include="..\Libraries\Include\IMGUI\ImZoomSlider.h">
      <Filter>IMGUI</Filter>
    </ClInclude>
    <ClInclude Include="..\Libraries\Include\IMGUI\dirent\dirent.h">
      <Filter>IMGUI</Filter>
    </ClInclude>
    <ClInclude Include="MapObjectScript.h">
      <Filter>02.Component\00.MonoBehaviour\00.MapObject</Filter>
    </ClInclude>
    <ClInclude Include="WaterUVSliding.h">
      <Filter>02.Component\00.MonoBehaviour\01.WaterUVSlide</Filter>
    </ClInclude>
    <ClInclude Include="WeedScript.h">
      <Filter>02.Component\00.MonoBehaviour\02.Weed</Filter>
    </ClInclude>
  </ItemGroup>
  <ItemGroup>
    <ClCompile Include="pch.cpp">
      <Filter>99.Header</Filter>
    </ClCompile>
    <ClCompile Include="MainApp.cpp">
      <Filter>00.MainApp</Filter>
    </ClCompile>
    <ClCompile Include="LoadingScene.cpp">
      <Filter>01.Scene\01.LoadingScene</Filter>
    </ClCompile>
    <ClCompile Include="Loader.cpp">
      <Filter>01.Scene\01.LoadingScene\Loader</Filter>
    </ClCompile>
    <ClCompile Include="DemoScene.cpp">
      <Filter>01.Scene\00.DemoScene</Filter>
    </ClCompile>
    <ClCompile Include="DemoCameraScript1.cpp">
      <Filter>02.Component\00.MonoBehaviour\99.DemoCameraScript</Filter>
    </ClCompile>
    <ClCompile Include="DemoCameraScript2.cpp">
      <Filter>02.Component\00.MonoBehaviour\99.DemoCameraScript</Filter>
    </ClCompile>
    <ClCompile Include="DemoFSM.cpp">
      <Filter>02.Component\01.FSM\00.DemoFSM</Filter>
    </ClCompile>
    <ClCompile Include="DemoAnimationController1.cpp">
      <Filter>02.Component\00.MonoBehaviour\98.DemoAnimationController</Filter>
    </ClCompile>
    <ClCompile Include="MapTool.cpp">
      <Filter>98.Default</Filter>
    </ClCompile>
    <ClCompile Include="Imgui_Manager.cpp">
      <Filter>97.IMGUI\Manager</Filter>
    </ClCompile>
    <ClCompile Include="..\Libraries\Include\IMGUI\ImCurveEdit.cpp">
      <Filter>IMGUI</Filter>
    </ClCompile>
    <ClCompile Include="..\Libraries\Include\IMGUI\ImGradient.cpp">
      <Filter>IMGUI</Filter>
    </ClCompile>
    <ClCompile Include="..\Libraries\Include\IMGUI\imgui.cpp">
      <Filter>IMGUI</Filter>
    </ClCompile>
    <ClCompile Include="..\Libraries\Include\IMGUI\imgui_demo.cpp">
      <Filter>IMGUI</Filter>
    </ClCompile>
    <ClCompile Include="..\Libraries\Include\IMGUI\imgui_draw.cpp">
      <Filter>IMGUI</Filter>
    </ClCompile>
    <ClCompile Include="..\Libraries\Include\IMGUI\imgui_impl_dx11.cpp">
      <Filter>IMGUI</Filter>
    </ClCompile>
    <ClCompile Include="..\Libraries\Include\IMGUI\imgui_impl_win32.cpp">
      <Filter>IMGUI</Filter>
    </ClCompile>
    <ClCompile Include="..\Libraries\Include\IMGUI\imgui_stdlib.cpp">
      <Filter>IMGUI</Filter>
    </ClCompile>
    <ClCompile Include="..\Libraries\Include\IMGUI\imgui_tables.cpp">
      <Filter>IMGUI</Filter>
    </ClCompile>
    <ClCompile Include="..\Libraries\Include\IMGUI\imgui_widgets.cpp">
      <Filter>IMGUI</Filter>
    </ClCompile>
    <ClCompile Include="..\Libraries\Include\IMGUI\ImGuiFileDialog.cpp">
      <Filter>IMGUI</Filter>
    </ClCompile>
    <ClCompile Include="..\Libraries\Include\IMGUI\ImGuizmo.cpp">
      <Filter>IMGUI</Filter>
    </ClCompile>
    <ClCompile Include="..\Libraries\Include\IMGUI\ImSequencer.cpp">
      <Filter>IMGUI</Filter>
    </ClCompile>
    <ClCompile Include="MapObjectScript.cpp">
      <Filter>02.Component\00.MonoBehaviour\00.MapObject</Filter>
    </ClCompile>
    <ClCompile Include="WaterUVSliding.cpp">
      <Filter>02.Component\00.MonoBehaviour\01.WaterUVSlide</Filter>
    </ClCompile>
    <ClCompile Include="WeedScript.cpp">
      <Filter>02.Component\00.MonoBehaviour\02.Weed</Filter>
    </ClCompile>
  </ItemGroup>
  <ItemGroup>
    <Image Include="small.ico">
      <Filter>98.Default</Filter>
    </Image>
    <Image Include="MapTool.ico">
      <Filter>98.Default</Filter>
    </Image>
  </ItemGroup>
  <ItemGroup>
    <ResourceCompile Include="MapTool.rc">
      <Filter>98.Default</Filter>
    </ResourceCompile>
  </ItemGroup>
  <ItemGroup>
    <None Include="..\Libraries\Include\IMGUI\imgui.ini">
      <Filter>IMGUI</Filter>
    </None>
    <None Include="..\Libraries\Include\IMGUI\imgui.natstepfilter">
      <Filter>IMGUI</Filter>
    </None>
  </ItemGroup>
  <ItemGroup>
    <Natvis Include="..\Libraries\Include\IMGUI\imgui.natvis">
      <Filter>IMGUI</Filter>
    </Natvis>
  </ItemGroup>
  <ItemGroup>
    <Text Include="..\Libraries\Include\IMGUI\imgui_log.txt">
      <Filter>IMGUI</Filter>
    </Text>
  </ItemGroup>
</Project>