<?xml version="1.0" encoding="utf-8"?>
<Project ToolsVersion="4.0" xmlns="http://schemas.microsoft.com/developer/msbuild/2003">
  <ItemGroup>
    <ClInclude Include="framework.h">
      <Filter>98.Default</Filter>
    </ClInclude>
    <ClInclude Include="Resource.h">
      <Filter>98.Default</Filter>
    </ClInclude>
    <ClInclude Include="targetver.h">
      <Filter>98.Default</Filter>
    </ClInclude>
    <ClInclude Include="Tool_Ui.h">
      <Filter>98.Default</Filter>
    </ClInclude>
    <ClInclude Include="pch.h">
      <Filter>99.Header</Filter>
    </ClInclude>
    <ClInclude Include="Tool_Ui_Define.h">
      <Filter>99.Header</Filter>
    </ClInclude>
    <ClInclude Include="MainApp.h">
      <Filter>00.MainApp</Filter>
    </ClInclude>
    <ClInclude Include="LoadingScene.h">
      <Filter>01.Scene\01.LoadingScene</Filter>
    </ClInclude>
    <ClInclude Include="Loader.h">
      <Filter>01.Scene\01.LoadingScene\Loader</Filter>
    </ClInclude>
    <ClInclude Include="MainScene.h">
      <Filter>01.Scene\00.MainScene</Filter>
    </ClInclude>
    <ClInclude Include="CameraScript1.h">
      <Filter>02.Component\00.MonoBehaviour\00.CameraScript</Filter>
    </ClInclude>
    <ClInclude Include="CameraScript2.h">
      <Filter>02.Component\00.MonoBehaviour\00.CameraScript</Filter>
    </ClInclude>
    <ClInclude Include="ImguiMgr.h">
      <Filter>97.Imgui\00.ImguiMgr</Filter>
    </ClInclude>
    <ClInclude Include="..\Libraries\Include\IMGUI\imconfig.h">
      <Filter>IMGUI</Filter>
    </ClInclude>
    <ClInclude Include="..\Libraries\Include\IMGUI\ImCurveEdit.h">
      <Filter>IMGUI</Filter>
    </ClInclude>
    <ClInclude Include="..\Libraries\Include\IMGUI\ImGradient.h">
      <Filter>IMGUI</Filter>
    </ClInclude>
    <ClInclude Include="..\Libraries\Include\IMGUI\imgui.h">
      <Filter>IMGUI</Filter>
    </ClInclude>
    <ClInclude Include="..\Libraries\Include\IMGUI\imgui_impl_dx11.h">
      <Filter>IMGUI</Filter>
    </ClInclude>
    <ClInclude Include="..\Libraries\Include\IMGUI\imgui_impl_win32.h">
      <Filter>IMGUI</Filter>
    </ClInclude>
    <ClInclude Include="..\Libraries\Include\IMGUI\imgui_internal.h">
      <Filter>IMGUI</Filter>
    </ClInclude>
    <ClInclude Include="..\Libraries\Include\IMGUI\imgui_stdlib.h">
      <Filter>IMGUI</Filter>
    </ClInclude>
    <ClInclude Include="..\Libraries\Include\IMGUI\ImGuiFileDialog.h">
      <Filter>IMGUI</Filter>
    </ClInclude>
    <ClInclude Include="..\Libraries\Include\IMGUI\ImGuiFileDialogConfig.h">
      <Filter>IMGUI</Filter>
    </ClInclude>
    <ClInclude Include="..\Libraries\Include\IMGUI\ImGuizmo.h">
      <Filter>IMGUI</Filter>
    </ClInclude>
    <ClInclude Include="..\Libraries\Include\IMGUI\ImSequencer.h">
      <Filter>IMGUI</Filter>
    </ClInclude>
    <ClInclude Include="..\Libraries\Include\IMGUI\imstb_rectpack.h">
      <Filter>IMGUI</Filter>
    </ClInclude>
    <ClInclude Include="..\Libraries\Include\IMGUI\imstb_textedit.h">
      <Filter>IMGUI</Filter>
    </ClInclude>
    <ClInclude Include="..\Libraries\Include\IMGUI\imstb_truetype.h">
      <Filter>IMGUI</Filter>
    </ClInclude>
    <ClInclude Include="..\Libraries\Include\IMGUI\ImZoomSlider.h">
      <Filter>IMGUI</Filter>
    </ClInclude>
    <ClInclude Include="..\Libraries\Include\IMGUI\dirent\dirent.h">
      <Filter>IMGUI</Filter>
    </ClInclude>
  </ItemGroup>
  <ItemGroup>
    <ClCompile Include="Tool_Ui.cpp">
      <Filter>98.Default</Filter>
    </ClCompile>
    <ClCompile Include="pch.cpp">
      <Filter>99.Header</Filter>
    </ClCompile>
    <ClCompile Include="MainApp.cpp">
      <Filter>00.MainApp</Filter>
    </ClCompile>
    <ClCompile Include="LoadingScene.cpp">
      <Filter>01.Scene\01.LoadingScene</Filter>
    </ClCompile>
    <ClCompile Include="Loader.cpp">
      <Filter>01.Scene\01.LoadingScene\Loader</Filter>
    </ClCompile>
    <ClCompile Include="MainScene.cpp">
      <Filter>01.Scene\00.MainScene</Filter>
    </ClCompile>
    <ClCompile Include="CameraScript1.cpp">
      <Filter>02.Component\00.MonoBehaviour\00.CameraScript</Filter>
    </ClCompile>
    <ClCompile Include="CameraScript2.cpp">
      <Filter>02.Component\00.MonoBehaviour\00.CameraScript</Filter>
    </ClCompile>
    <ClCompile Include="ImguiMgr.cpp">
      <Filter>97.Imgui\00.ImguiMgr</Filter>
    </ClCompile>
    <ClCompile Include="..\Libraries\Include\IMGUI\ImCurveEdit.cpp">
      <Filter>IMGUI</Filter>
    </ClCompile>
    <ClCompile Include="..\Libraries\Include\IMGUI\ImGradient.cpp">
      <Filter>IMGUI</Filter>
    </ClCompile>
    <ClCompile Include="..\Libraries\Include\IMGUI\imgui.cpp">
      <Filter>IMGUI</Filter>
    </ClCompile>
    <ClCompile Include="..\Libraries\Include\IMGUI\imgui_demo.cpp">
      <Filter>IMGUI</Filter>
    </ClCompile>
    <ClCompile Include="..\Libraries\Include\IMGUI\imgui_draw.cpp">
      <Filter>IMGUI</Filter>
    </ClCompile>
    <ClCompile Include="..\Libraries\Include\IMGUI\imgui_impl_dx11.cpp">
      <Filter>IMGUI</Filter>
    </ClCompile>
    <ClCompile Include="..\Libraries\Include\IMGUI\imgui_impl_win32.cpp">
      <Filter>IMGUI</Filter>
    </ClCompile>
    <ClCompile Include="..\Libraries\Include\IMGUI\imgui_stdlib.cpp">
      <Filter>IMGUI</Filter>
    </ClCompile>
    <ClCompile Include="..\Libraries\Include\IMGUI\imgui_tables.cpp">
      <Filter>IMGUI</Filter>
    </ClCompile>
    <ClCompile Include="..\Libraries\Include\IMGUI\imgui_widgets.cpp">
      <Filter>IMGUI</Filter>
    </ClCompile>
    <ClCompile Include="..\Libraries\Include\IMGUI\ImGuiFileDialog.cpp">
      <Filter>IMGUI</Filter>
    </ClCompile>
    <ClCompile Include="..\Libraries\Include\IMGUI\ImGuizmo.cpp">
      <Filter>IMGUI</Filter>
    </ClCompile>
    <ClCompile Include="..\Libraries\Include\IMGUI\ImSequencer.cpp">
      <Filter>IMGUI</Filter>
    </ClCompile>
  </ItemGroup>
  <ItemGroup>
    <Image Include="small.ico">
      <Filter>98.Default</Filter>
    </Image>
    <Image Include="Tool_Ui.ico">
      <Filter>98.Default</Filter>
    </Image>
  </ItemGroup>
  <ItemGroup>
    <Filter Include="99.Header">
      <UniqueIdentifier>{d0351989-93a6-450d-b82b-28d5f5930924}</UniqueIdentifier>
    </Filter>
    <Filter Include="98.Default">
      <UniqueIdentifier>{88767828-5b4b-40a1-89b1-bccb0f68204d}</UniqueIdentifier>
    </Filter>
    <Filter Include="00.MainApp">
      <UniqueIdentifier>{a3772781-9e8c-4b99-bb80-d966760d9a3a}</UniqueIdentifier>
    </Filter>
    <Filter Include="01.Scene">
      <UniqueIdentifier>{3dabfc8f-67ab-472e-8bc7-a53d0e5a0639}</UniqueIdentifier>
    </Filter>
    <Filter Include="02.Component">
      <UniqueIdentifier>{8a44dbeb-da83-4d91-a41b-b37b6dcac31d}</UniqueIdentifier>
    </Filter>
    <Filter Include="01.Scene\00.MainScene">
      <UniqueIdentifier>{d5c04d97-2e1e-4801-b6a5-00e0b98fc6c6}</UniqueIdentifier>
    </Filter>
    <Filter Include="01.Scene\01.LoadingScene">
      <UniqueIdentifier>{abe85f86-7574-4f99-9ab8-a2b5c025b049}</UniqueIdentifier>
    </Filter>
    <Filter Include="01.Scene\01.LoadingScene\Loader">
      <UniqueIdentifier>{26cba1e9-12a9-432f-9748-2ef8fbc1f047}</UniqueIdentifier>
    </Filter>
    <Filter Include="02.Component\00.MonoBehaviour">
      <UniqueIdentifier>{d610e2f3-e149-4e0c-a679-dffbca5e821d}</UniqueIdentifier>
    </Filter>
    <Filter Include="02.Component\00.MonoBehaviour\00.CameraScript">
      <UniqueIdentifier>{f95d81b6-7b07-4ede-a466-0df7a326a195}</UniqueIdentifier>
    </Filter>
    <Filter Include="97.Imgui">
      <UniqueIdentifier>{6f8908e4-8f81-4313-9891-678c45e76298}</UniqueIdentifier>
    </Filter>
    <Filter Include="96.Zmo">
      <UniqueIdentifier>{17212f78-9381-4663-b4f5-7263c14b5b36}</UniqueIdentifier>
    </Filter>
    <Filter Include="97.Imgui\00.ImguiMgr">
      <UniqueIdentifier>{8536d8e5-0bf2-40e1-92a9-7a475965965d}</UniqueIdentifier>
    </Filter>
    <Filter Include="97.Imgui\01.Etc">
      <UniqueIdentifier>{4aa21666-20dc-4e7e-804d-bb65a2b077f1}</UniqueIdentifier>
    </Filter>
    <Filter Include="95.FileDialog">
      <UniqueIdentifier>{c3143266-fe3f-4e1e-b62d-b225ab3368ab}</UniqueIdentifier>
    </Filter>
    <Filter Include="IMGUI">
      <UniqueIdentifier>{eb44d2f5-a0ee-421a-8702-a49440966d40}</UniqueIdentifier>
    </Filter>
  </ItemGroup>
  <ItemGroup>
    <ResourceCompile Include="Tool_Ui.rc">
      <Filter>98.Default</Filter>
    </ResourceCompile>
  </ItemGroup>
  <ItemGroup>
    <None Include="..\Libraries\Include\IMGUI\imgui.ini">
      <Filter>IMGUI</Filter>
    </None>
    <None Include="..\Libraries\Include\IMGUI\imgui.natstepfilter">
      <Filter>IMGUI</Filter>
    </None>
  </ItemGroup>
  <ItemGroup>
    <Natvis Include="..\Libraries\Include\IMGUI\imgui.natvis">
      <Filter>IMGUI</Filter>
    </Natvis>
  </ItemGroup>
  <ItemGroup>
    <Text Include="..\Libraries\Include\IMGUI\imgui_log.txt">
      <Filter>IMGUI</Filter>
    </Text>
  </ItemGroup>
</Project>